
Microsoft Visual Studio Solution File, Format Version 12.00
# Visual Studio Version 17
VisualStudioVersion = 17.8.34316.72
MinimumVisualStudioVersion = 10.0.40219.1
Project("{FAE04EC0-301F-11D3-BF4B-00C04F79EFBC}") = "XadrezConsole", "XadrezConsole.csproj", "{FA55AF07-6072-4C26-AD0F-BC66F52DB593}"
EndProject
Global
	GlobalSection(SolutionConfigurationPlatforms) = preSolution
		Debug|Any CPU = Debug|Any CPU
		Release|Any CPU = Release|Any CPU
	EndGlobalSection
	GlobalSection(ProjectConfigurationPlatforms) = postSolution
		{FA55AF07-6072-4C26-AD0F-BC66F52DB593}.Debug|Any CPU.ActiveCfg = Debug|Any CPU
		{FA55AF07-6072-4C26-AD0F-BC66F52DB593}.Debug|Any CPU.Build.0 = Debug|Any CPU
		{FA55AF07-6072-4C26-AD0F-BC66F52DB593}.Release|Any CPU.ActiveCfg = Release|Any CPU
		{FA55AF07-6072-4C26-AD0F-BC66F52DB593}.Release|Any CPU.Build.0 = Release|Any CPU
	EndGlobalSection
	GlobalSection(SolutionProperties) = preSolution
		HideSolutionNode = FALSE
	EndGlobalSection
	GlobalSection(ExtensibilityGlobals) = postSolution
		SolutionGuid = {3BE47A28-FF00-4536-BA82-ECD3F87961B4}
	EndGlobalSection
EndGlobal
